# This file is automatically @generated by Cargo.
# It is not intended for manual editing.
[[package]]
name = "oxidebook"
version = "0.1.0"
dependencies = [
 "rbtree 0.1.5 (registry+https://github.com/rust-lang/crates.io-index)",
]

[[package]]
name = "rbtree"
version = "0.1.5"
source = "registry+https://github.com/rust-lang/crates.io-index"

[metadata]
"checksum rbtree 0.1.5 (registry+https://github.com/rust-lang/crates.io-index)" = "c30302bfb88dd71dce9b3577ab7f607a246ecee387717e937d49466a6d4d4760"
